
Microsoft Visual Studio Solution File, Format Version 12.00
# Visual Studio Version 17
VisualStudioVersion = 17.13.35919.96 d17.13
MinimumVisualStudioVersion = 10.0.40219.1
Project("{FAE04EC0-301F-11D3-BF4B-00C04F79EFBC}") = "Proyecto", "Proyecto.csproj", "{BE066A3A-007D-49F6-95E0-7E06819AF353}"
EndProject
Global
	GlobalSection(SolutionConfigurationPlatforms) = preSolution
		Debug|Any CPU = Debug|Any CPU
		Release|Any CPU = Release|Any CPU
	EndGlobalSection
	GlobalSection(ProjectConfigurationPlatforms) = postSolution
		{BE066A3A-007D-49F6-95E0-7E06819AF353}.Debug|Any CPU.ActiveCfg = Debug|Any CPU
		{BE066A3A-007D-49F6-95E0-7E06819AF353}.Debug|Any CPU.Build.0 = Debug|Any CPU
		{BE066A3A-007D-49F6-95E0-7E06819AF353}.Release|Any CPU.ActiveCfg = Release|Any CPU
		{BE066A3A-007D-49F6-95E0-7E06819AF353}.Release|Any CPU.Build.0 = Release|Any CPU
	EndGlobalSection
	GlobalSection(SolutionProperties) = preSolution
		HideSolutionNode = FALSE
	EndGlobalSection
	GlobalSection(ExtensibilityGlobals) = postSolution
		SolutionGuid = {35ABD83E-7B53-42BB-B4C5-B1DE99B0F41D}
	EndGlobalSection
EndGlobal
